
Microsoft Visual Studio Solution File, Format Version 12.00
# Visual Studio Version 17
VisualStudioVersion = 17.13.35825.156 d17.13
MinimumVisualStudioVersion = 10.0.40219.1
Project("{FAE04EC0-301F-11D3-BF4B-00C04F79EFBC}") = "Fitxar", "Fitxar.csproj", "{DDB04AAC-1455-4DD5-AE69-6C8502E83EC1}"
EndProject
Global
	GlobalSection(SolutionConfigurationPlatforms) = preSolution
		Debug|Any CPU = Debug|Any CPU
		Release|Any CPU = Release|Any CPU
	EndGlobalSection
	GlobalSection(ProjectConfigurationPlatforms) = postSolution
		{DDB04AAC-1455-4DD5-AE69-6C8502E83EC1}.Debug|Any CPU.ActiveCfg = Debug|Any CPU
		{DDB04AAC-1455-4DD5-AE69-6C8502E83EC1}.Debug|Any CPU.Build.0 = Debug|Any CPU
		{DDB04AAC-1455-4DD5-AE69-6C8502E83EC1}.Release|Any CPU.ActiveCfg = Release|Any CPU
		{DDB04AAC-1455-4DD5-AE69-6C8502E83EC1}.Release|Any CPU.Build.0 = Release|Any CPU
	EndGlobalSection
	GlobalSection(SolutionProperties) = preSolution
		HideSolutionNode = FALSE
	EndGlobalSection
	GlobalSection(ExtensibilityGlobals) = postSolution
		SolutionGuid = {47C5BF8B-0BBF-44D6-8A45-E6B0E9ACE810}
	EndGlobalSection
EndGlobal
